
Microsoft Visual Studio Solution File, Format Version 12.00
# Visual Studio Version 17
VisualStudioVersion = 17.5.33516.290
MinimumVisualStudioVersion = 10.0.40219.1
Project("{FAE04EC0-301F-11D3-BF4B-00C04F79EFBC}") = "KingsmanShop", "KingsmanShop\KingsmanShop.csproj", "{1C447FD9-CA29-483F-A7D0-68536A9EE51A}"
EndProject
Global
	GlobalSection(SolutionConfigurationPlatforms) = preSolution
		Debug|Any CPU = Debug|Any CPU
		Release|Any CPU = Release|Any CPU
	EndGlobalSection
	GlobalSection(ProjectConfigurationPlatforms) = postSolution
		{1C447FD9-CA29-483F-A7D0-68536A9EE51A}.Debug|Any CPU.ActiveCfg = Debug|Any CPU
		{1C447FD9-CA29-483F-A7D0-68536A9EE51A}.Debug|Any CPU.Build.0 = Debug|Any CPU
		{1C447FD9-CA29-483F-A7D0-68536A9EE51A}.Release|Any CPU.ActiveCfg = Release|Any CPU
		{1C447FD9-CA29-483F-A7D0-68536A9EE51A}.Release|Any CPU.Build.0 = Release|Any CPU
	EndGlobalSection
	GlobalSection(SolutionProperties) = preSolution
		HideSolutionNode = FALSE
	EndGlobalSection
	GlobalSection(ExtensibilityGlobals) = postSolution
		SolutionGuid = {A4F70D34-4F49-40F6-9520-7ABE90A00956}
	EndGlobalSection
EndGlobal
